
Microsoft Visual Studio Solution File, Format Version 12.00
# Visual Studio Version 17
VisualStudioVersion = 17.14.36310.24
MinimumVisualStudioVersion = 10.0.40219.1
Project("{FAE04EC0-301F-11D3-BF4B-00C04F79EFBC}") = "Semana1_C#", "Semana1_C#\Semana1_C#.csproj", "{417F9516-2268-4383-84B6-FEC21B3D27C5}"
EndProject
Project("{888888A0-9F3D-457C-B088-3A5042F75D52}") = "Semana1_Python", "Semana1_Python\Semana1_Python.pyproj", "{5837F085-CE93-4897-8861-ADD53A5CDB78}"
EndProject
Project("{888888A0-9F3D-457C-B088-3A5042F75D52}") = "SEMANA_4-PY", "SEMANA_4-PY\SEMANA_4-PY.pyproj", "{787A065E-7680-44BE-B277-D9793A8D4403}"
EndProject
Project("{888888A0-9F3D-457C-B088-3A5042F75D52}") = "SEMANA_5-PY", "SEMANA_5-PY\SEMANA_5-PY.pyproj", "{723CABB5-E6F2-426C-A4D0-CA8C2EDB3ADA}"
EndProject
Project("{888888A0-9F3D-457C-B088-3A5042F75D52}") = "Semana_6_py", "Semana_6_py\Semana_6_py.pyproj", "{5C83145D-EA96-4F71-94E0-675E6FF6B118}"
EndProject
Project("{888888A0-9F3D-457C-B088-3A5042F75D52}") = "Semana7_PY", "Semana7_PY\Semana7_PY.pyproj", "{913B93D3-CC71-47D6-A3B9-4A541BE24E10}"
EndProject
Project("{888888A0-9F3D-457C-B088-3A5042F75D52}") = "SEMANA_9", "SEMANA_9\SEMANA_9.pyproj", "{5A600341-34B6-4C47-B864-D88D74E59D90}"
EndProject
Global
	GlobalSection(SolutionConfigurationPlatforms) = preSolution
		Debug|Any CPU = Debug|Any CPU
		Release|Any CPU = Release|Any CPU
	EndGlobalSection
	GlobalSection(ProjectConfigurationPlatforms) = postSolution
		{417F9516-2268-4383-84B6-FEC21B3D27C5}.Debug|Any CPU.ActiveCfg = Debug|Any CPU
		{417F9516-2268-4383-84B6-FEC21B3D27C5}.Debug|Any CPU.Build.0 = Debug|Any CPU
		{417F9516-2268-4383-84B6-FEC21B3D27C5}.Release|Any CPU.ActiveCfg = Release|Any CPU
		{417F9516-2268-4383-84B6-FEC21B3D27C5}.Release|Any CPU.Build.0 = Release|Any CPU
		{5837F085-CE93-4897-8861-ADD53A5CDB78}.Debug|Any CPU.ActiveCfg = Debug|Any CPU
		{5837F085-CE93-4897-8861-ADD53A5CDB78}.Release|Any CPU.ActiveCfg = Release|Any CPU
		{787A065E-7680-44BE-B277-D9793A8D4403}.Debug|Any CPU.ActiveCfg = Debug|Any CPU
		{787A065E-7680-44BE-B277-D9793A8D4403}.Release|Any CPU.ActiveCfg = Release|Any CPU
		{723CABB5-E6F2-426C-A4D0-CA8C2EDB3ADA}.Debug|Any CPU.ActiveCfg = Debug|Any CPU
		{723CABB5-E6F2-426C-A4D0-CA8C2EDB3ADA}.Release|Any CPU.ActiveCfg = Release|Any CPU
		{5C83145D-EA96-4F71-94E0-675E6FF6B118}.Debug|Any CPU.ActiveCfg = Debug|Any CPU
		{5C83145D-EA96-4F71-94E0-675E6FF6B118}.Release|Any CPU.ActiveCfg = Release|Any CPU
		{913B93D3-CC71-47D6-A3B9-4A541BE24E10}.Debug|Any CPU.ActiveCfg = Debug|Any CPU
		{913B93D3-CC71-47D6-A3B9-4A541BE24E10}.Release|Any CPU.ActiveCfg = Release|Any CPU
		{5A600341-34B6-4C47-B864-D88D74E59D90}.Debug|Any CPU.ActiveCfg = Debug|Any CPU
		{5A600341-34B6-4C47-B864-D88D74E59D90}.Release|Any CPU.ActiveCfg = Release|Any CPU
	EndGlobalSection
	GlobalSection(SolutionProperties) = preSolution
		HideSolutionNode = FALSE
	EndGlobalSection
	GlobalSection(ExtensibilityGlobals) = postSolution
		SolutionGuid = {56229627-F610-4CC4-9262-EA46E3B4F2B1}
	EndGlobalSection
EndGlobal
